// !$*UTF8*$!
{
	archiveVersion = 1;
	classes = {
	};
	objectVersion = 46;
	objects = {

/* Begin PBXBuildFile section */
		114B9FCE1D6A17D2004C5A25 /* AppDelegate.swift in Sources */ = {isa = PBXBuildFile; fileRef = 114B9FCD1D6A17D2004C5A25 /* AppDelegate.swift */; };
		114B9FD01D6A17D2004C5A25 /* ViewController.swift in Sources */ = {isa = PBXBuildFile; fileRef = 114B9FCF1D6A17D2004C5A25 /* ViewController.swift */; };
		114B9FD31D6A17D2004C5A25 /* Main.storyboard in Resources */ = {isa = PBXBuildFile; fileRef = 114B9FD11D6A17D2004C5A25 /* Main.storyboard */; };
		114B9FD51D6A17D2004C5A25 /* Assets.xcassets in Resources */ = {isa = PBXBuildFile; fileRef = 114B9FD41D6A17D2004C5A25 /* Assets.xcassets */; };
		114B9FD81D6A17D2004C5A25 /* LaunchScreen.storyboard in Resources */ = {isa = PBXBuildFile; fileRef = 114B9FD61D6A17D2004C5A25 /* LaunchScreen.storyboard */; };
		114B9FE41D6A289B004C5A25 /* GoogleService-Info.plist in Resources */ = {isa = PBXBuildFile; fileRef = 114B9FE31D6A289B004C5A25 /* GoogleService-Info.plist */; };
		4AD1E4EA4CC812194669D4A5 /* Pods_push_my_notifications.framework in Frameworks */ = {isa = PBXBuildFile; fileRef = 3A07A00354A7546025B7476F /* Pods_push_my_notifications.framework */; };
/* End PBXBuildFile section */

/* Begin PBXFileReference section */
		114B9FCA1D6A17D2004C5A25 /* push-my-notifications.app */ = {isa = PBXFileReference; explicitFileType = wrapper.application; includeInIndex = 0; path = "push-my-notifications.app"; sourceTree = BUILT_PRODUCTS_DIR; };
		114B9FCD1D6A17D2004C5A25 /* AppDelegate.swift */ = {isa = PBXFileReference; lastKnownFileType = sourcecode.swift; path = AppDelegate.swift; sourceTree = "<group>"; };
		114B9FCF1D6A17D2004C5A25 /* ViewController.swift */ = {isa = PBXFileReference; lastKnownFileType = sourcecode.swift; path = ViewController.swift; sourceTree = "<group>"; };
		114B9FD21D6A17D2004C5A25 /* Base */ = {isa = PBXFileReference; lastKnownFileType = file.storyboard; name = Base; path = Base.lproj/Main.storyboard; sourceTree = "<group>"; };
		114B9FD41D6A17D2004C5A25 /* Assets.xcassets */ = {isa = PBXFileReference; lastKnownFileType = folder.assetcatalog; path = Assets.xcassets; sourceTree = "<group>"; };
		114B9FD71D6A17D2004C5A25 /* Base */ = {isa = PBXFileReference; lastKnownFileType = file.storyboard; name = Base; path = Base.lproj/LaunchScreen.storyboard; sourceTree = "<group>"; };
		114B9FD91D6A17D2004C5A25 /* Info.plist */ = {isa = PBXFileReference; lastKnownFileType = text.plist.xml; path = Info.plist; sourceTree = "<group>"; };
		114B9FE31D6A289B004C5A25 /* GoogleService-Info.plist */ = {isa = PBXFileReference; fileEncoding = 4; lastKnownFileType = text.plist.xml; path = "GoogleService-Info.plist"; sourceTree = "<group>"; };
		3A07A00354A7546025B7476F /* Pods_push_my_notifications.framework */ = {isa = PBXFileReference; explicitFileType = wrapper.framework; includeInIndex = 0; path = Pods_push_my_notifications.framework; sourceTree = BUILT_PRODUCTS_DIR; };
		A49116C98D80895D254AB4E6 /* Pods-push-my-notifications.release.xcconfig */ = {isa = PBXFileReference; includeInIndex = 1; lastKnownFileType = text.xcconfig; name = "Pods-push-my-notifications.release.xcconfig"; path = "Pods/Target Support Files/Pods-push-my-notifications/Pods-push-my-notifications.release.xcconfig"; sourceTree = "<group>"; };
		C1676BE77A9118CAE892ED81 /* Pods-push-my-notifications.debug.xcconfig */ = {isa = PBXFileReference; includeInIndex = 1; lastKnownFileType = text.xcconfig; name = "Pods-push-my-notifications.debug.xcconfig"; path = "Pods/Target Support Files/Pods-push-my-notifications/Pods-push-my-notifications.debug.xcconfig"; sourceTree = "<group>"; };
/* End PBXFileReference section */

/* Begin PBXFrameworksBuildPhase section */
		114B9FC71D6A17D2004C5A25 /* Frameworks */ = {
			isa = PBXFrameworksBuildPhase;
			buildActionMask = 2147483647;
			files = (
				4AD1E4EA4CC812194669D4A5 /* Pods_push_my_notifications.framework in Frameworks */,
			);
			runOnlyForDeploymentPostprocessing = 0;
		};
/* End PBXFrameworksBuildPhase section */

/* Begin PBXGroup section */
		114B9FC11D6A17D2004C5A25 = {
			isa = PBXGroup;
			children = (
				114B9FCC1D6A17D2004C5A25 /* push-my-notifications */,
				114B9FCB1D6A17D2004C5A25 /* Products */,
				1DE5A3B0291ADD42D8429644 /* Pods */,
				D1E3900621D7E90487FADBA9 /* Frameworks */,
			);
			sourceTree = "<group>";
		};
		114B9FCB1D6A17D2004C5A25 /* Products */ = {
			isa = PBXGroup;
			children = (
				114B9FCA1D6A17D2004C5A25 /* push-my-notifications.app */,
			);
			name = Products;
			sourceTree = "<group>";
		};
		114B9FCC1D6A17D2004C5A25 /* push-my-notifications */ = {
			isa = PBXGroup;
			children = (
				114B9FCD1D6A17D2004C5A25 /* AppDelegate.swift */,
				114B9FCF1D6A17D2004C5A25 /* ViewController.swift */,
				114B9FD11D6A17D2004C5A25 /* Main.storyboard */,
				114B9FD41D6A17D2004C5A25 /* Assets.xcassets */,
				114B9FD61D6A17D2004C5A25 /* LaunchScreen.storyboard */,
				114B9FD91D6A17D2004C5A25 /* Info.plist */,
				114B9FE31D6A289B004C5A25 /* GoogleService-Info.plist */,
			);
			path = "push-my-notifications";
			sourceTree = "<group>";
		};
		1DE5A3B0291ADD42D8429644 /* Pods */ = {
			isa = PBXGroup;
			children = (
				C1676BE77A9118CAE892ED81 /* Pods-push-my-notifications.debug.xcconfig */,
				A49116C98D80895D254AB4E6 /* Pods-push-my-notifications.release.xcconfig */,
			);
			name = Pods;
			sourceTree = "<group>";
		};
		D1E3900621D7E90487FADBA9 /* Frameworks */ = {
			isa = PBXGroup;
			children = (
				3A07A00354A7546025B7476F /* Pods_push_my_notifications.framework */,
			);
			name = Frameworks;
			sourceTree = "<group>";
		};
/* End PBXGroup section */

/* Begin PBXNativeTarget section */
		114B9FC91D6A17D2004C5A25 /* push-my-notifications */ = {
			isa = PBXNativeTarget;
			buildConfigurationList = 114B9FDC1D6A17D2004C5A25 /* Build configuration list for PBXNativeTarget "push-my-notifications" */;
			buildPhases = (
				BB77AA5B8B2A4B754DCEEF5E /* Check Pods Manifest.lock */,
				114B9FC61D6A17D2004C5A25 /* Sources */,
				114B9FC71D6A17D2004C5A25 /* Frameworks */,
				114B9FC81D6A17D2004C5A25 /* Resources */,
				DF8BC32ACF609A391DBE7FD5 /* Embed Pods Frameworks */,
				F45A33D0972E74652EEC12F4 /* Copy Pods Resources */,
			);
			buildRules = (
			);
			dependencies = (
			);
			name = "push-my-notifications";
			productName = "push-my-notifications";
			productReference = 114B9FCA1D6A17D2004C5A25 /* push-my-notifications.app */;
			productType = "com.apple.product-type.application";
		};
/* End PBXNativeTarget section */

/* Begin PBXProject section */
		114B9FC21D6A17D2004C5A25 /* Project object */ = {
			isa = PBXProject;
			attributes = {
				LastSwiftUpdateCheck = 0730;
				LastUpgradeCheck = 0730;
				ORGANIZATIONNAME = "Vyacheslav Horbach";
				TargetAttributes = {
					114B9FC91D6A17D2004C5A25 = {
						CreatedOnToolsVersion = 7.3.1;
						DevelopmentTeam = AC6K9V2C7Z;
						SystemCapabilities = {
							com.apple.Push = {
								enabled = 1;
							};
						};
					};
				};
			};
			buildConfigurationList = 114B9FC51D6A17D2004C5A25 /* Build configuration list for PBXProject "push-my-notifications" */;
			compatibilityVersion = "Xcode 3.2";
			developmentRegion = English;
			hasScannedForEncodings = 0;
			knownRegions = (
				en,
				Base,
			);
			mainGroup = 114B9FC11D6A17D2004C5A25;
			productRefGroup = 114B9FCB1D6A17D2004C5A25 /* Products */;
			projectDirPath = "";
			projectRoot = "";
			targets = (
				114B9FC91D6A17D2004C5A25 /* push-my-notifications */,
			);
		};
/* End PBXProject section */

/* Begin PBXResourcesBuildPhase section */
		114B9FC81D6A17D2004C5A25 /* Resources */ = {
			isa = PBXResourcesBuildPhase;
			buildActionMask = 2147483647;
			files = (
				114B9FD81D6A17D2004C5A25 /* LaunchScreen.storyboard in Resources */,
				114B9FE41D6A289B004C5A25 /* GoogleService-Info.plist in Resources */,
				114B9FD51D6A17D2004C5A25 /* Assets.xcassets in Resources */,
				114B9FD31D6A17D2004C5A25 /* Main.storyboard in Resources */,
			);
			runOnlyForDeploymentPostprocessing = 0;
		};
/* End PBXResourcesBuildPhase section */

/* Begin PBXShellScriptBuildPhase section */
		BB77AA5B8B2A4B754DCEEF5E /* Check Pods Manifest.lock */ = {
			isa = PBXShellScriptBuildPhase;
			buildActionMask = 2147483647;
			files = (
			);
			inputPaths = (
			);
			name = "Check Pods Manifest.lock";
			outputPaths = (
			);
			runOnlyForDeploymentPostprocessing = 0;
			shellPath = /bin/sh;
			shellScript = "diff \"${PODS_ROOT}/../Podfile.lock\" \"${PODS_ROOT}/Manifest.lock\" > /dev/null\nif [[ $? != 0 ]] ; then\n    cat << EOM\nerror: The sandbox is not in sync with the Podfile.lock. Run 'pod install' or update your CocoaPods installation.\nEOM\n    exit 1\nfi\n";
			showEnvVarsInLog = 0;
		};
		DF8BC32ACF609A391DBE7FD5 /* Embed Pods Frameworks */ = {
			isa = PBXShellScriptBuildPhase;
			buildActionMask = 2147483647;
			files = (
			);
			inputPaths = (
			);
			name = "Embed Pods Frameworks";
			outputPaths = (
			);
			runOnlyForDeploymentPostprocessing = 0;
			shellPath = /bin/sh;
			shellScript = "\"${SRCROOT}/Pods/Target Support Files/Pods-push-my-notifications/Pods-push-my-notifications-frameworks.sh\"\n";
			showEnvVarsInLog = 0;
		};
		F45A33D0972E74652EEC12F4 /* Copy Pods Resources */ = {
			isa = PBXShellScriptBuildPhase;
			buildActionMask = 2147483647;
			files = (
			);
			inputPaths = (
			);
			name = "Copy Pods Resources";
			outputPaths = (
			);
			runOnlyForDeploymentPostprocessing = 0;
			shellPath = /bin/sh;
			shellScript = "\"${SRCROOT}/Pods/Target Support Files/Pods-push-my-notifications/Pods-push-my-notifications-resources.sh\"\n";
			showEnvVarsInLog = 0;
		};
/* End PBXShellScriptBuildPhase section */

/* Begin PBXSourcesBuildPhase section */
		114B9FC61D6A17D2004C5A25 /* Sources */ = {
			isa = PBXSourcesBuildPhase;
			buildActionMask = 2147483647;
			files = (
				114B9FD01D6A17D2004C5A25 /* ViewController.swift in Sources */,
				114B9FCE1D6A17D2004C5A25 /* AppDelegate.swift in Sources */,
			);
			runOnlyForDeploymentPostprocessing = 0;
		};
/* End PBXSourcesBuildPhase section */

/* Begin PBXVariantGroup section */
		114B9FD11D6A17D2004C5A25 /* Main.storyboard */ = {
			isa = PBXVariantGroup;
			children = (
				114B9FD21D6A17D2004C5A25 /* Base */,
			);
			name = Main.storyboard;
			sourceTree = "<group>";
		};
		114B9FD61D6A17D2004C5A25 /* LaunchScreen.storyboard */ = {
			isa = PBXVariantGroup;
			children = (
				114B9FD71D6A17D2004C5A25 /* Base */,
			);
			name = LaunchScreen.storyboard;
			sourceTree = "<group>";
		};
/* End PBXVariantGroup section */

/* Begin XCBuildConfiguration section */
		114B9FDA1D6A17D2004C5A25 /* Debug */ = {
			isa = XCBuildConfiguration;
			buildSettings = {
				ALWAYS_SEARCH_USER_PATHS = NO;
				CLANG_ANALYZER_NONNULL = YES;
				CLANG_CXX_LANGUAGE_STANDARD = "gnu++0x";
				CLANG_CXX_LIBRARY = "libc++";
				CLANG_ENABLE_MODULES = YES;
				CLANG_ENABLE_OBJC_ARC = YES;
				CLANG_WARN_BOOL_CONVERSION = YES;
				CLANG_WARN_CONSTANT_CONVERSION = YES;
				CLANG_WARN_DIRECT_OBJC_ISA_USAGE = YES_ERROR;
				CLANG_WARN_EMPTY_BODY = YES;
				CLANG_WARN_ENUM_CONVERSION = YES;
				CLANG_WARN_INT_CONVERSION = YES;
				CLANG_WARN_OBJC_ROOT_CLASS = YES_ERROR;
				CLANG_WARN_UNREACHABLE_CODE = YES;
				CLANG_WARN__DUPLICATE_METHOD_MATCH = YES;
				"CODE_SIGN_IDENTITY[sdk=iphoneos*]" = "iPhone Developer";
				COPY_PHASE_STRIP = NO;
				DEBUG_INFORMATION_FORMAT = dwarf;
				ENABLE_STRICT_OBJC_MSGSEND = YES;
				ENABLE_TESTABILITY = YES;
				GCC_C_LANGUAGE_STANDARD = gnu99;
				GCC_DYNAMIC_NO_PIC = NO;
				GCC_NO_COMMON_BLOCKS = YES;
				GCC_OPTIMIZATION_LEVEL = 0;
				GCC_PREPROCESSOR_DEFINITIONS = (
					"DEBUG=1",
					"$(inherited)",
				);
				GCC_WARN_64_TO_32_BIT_CONVERSION = YES;
				GCC_WARN_ABOUT_RETURN_TYPE = YES_ERROR;
				GCC_WARN_UNDECLARED_SELECTOR = YES;
				GCC_WARN_UNINITIALIZED_AUTOS = YES_AGGRESSIVE;
				GCC_WARN_UNUSED_FUNCTION = YES;
				GCC_WARN_UNUSED_VARIABLE = YES;
				IPHONEOS_DEPLOYMENT_TARGET = 9.3;
				MTL_ENABLE_DEBUG_INFO = YES;
				ONLY_ACTIVE_ARCH = YES;
				SDKROOT = iphoneos;
				SWIFT_OPTIMIZATION_LEVEL = "-Onone";
				TARGETED_DEVICE_FAMILY = "1,2";
			};
			name = Debug;
		};
		114B9FDB1D6A17D2004C5A25 /* Release */ = {
			isa = XCBuildConfiguration;
			buildSettings = {
				ALWAYS_SEARCH_USER_PATHS = NO;
				CLANG_ANALYZER_NONNULL = YES;
				CLANG_CXX_LANGUAGE_STANDARD = "gnu++0x";
				CLANG_CXX_LIBRARY = "libc++";
				CLANG_ENABLE_MODULES = YES;
				CLANG_ENABLE_OBJC_ARC = YES;
				CLANG_WARN_BOOL_CONVERSION = YES;
				CLANG_WARN_CONSTANT_CONVERSION = YES;
				CLANG_WARN_DIRECT_OBJC_ISA_USAGE = YES_ERROR;
				CLANG_WARN_EMPTY_BODY = YES;
				CLANG_WARN_ENUM_CONVERSION = YES;
				CLANG_WARN_INT_CONVERSION = YES;
				CLANG_WARN_OBJC_ROOT_CLASS = YES_ERROR;
				CLANG_WARN_UNREACHABLE_CODE = YES;
				CLANG_WARN__DUPLICATE_METHOD_MATCH = YES;
				"CODE_SIGN_IDENTITY[sdk=iphoneos*]" = "iPhone Developer";
				COPY_PHASE_STRIP = NO;
				DEBUG_INFORMATION_FORMAT = "dwarf-with-dsym";
				ENABLE_NS_ASSERTIONS = NO;
				ENABLE_STRICT_OBJC_MSGSEND = YES;
				GCC_C_LANGUAGE_STANDARD = gnu99;
				GCC_NO_COMMON_BLOCKS = YES;
				GCC_WARN_64_TO_32_BIT_CONVERSION = YES;
				GCC_WARN_ABOUT_RETURN_TYPE = YES_ERROR;
				GCC_WARN_UNDECLARED_SELECTOR = YES;
				GCC_WARN_UNINITIALIZED_AUTOS = YES_AGGRESSIVE;
				GCC_WARN_UNUSED_FUNCTION = YES;
				GCC_WARN_UNUSED_VARIABLE = YES;
				IPHONEOS_DEPLOYMENT_TARGET = 9.3;
				MTL_ENABLE_DEBUG_INFO = NO;
				SDKROOT = iphoneos;
				TARGETED_DEVICE_FAMILY = "1,2";
				VALIDATE_PRODUCT = YES;
			};
			name = Release;
		};
		114B9FDD1D6A17D2004C5A25 /* Debug */ = {
			isa = XCBuildConfiguration;
			baseConfigurationReference = C1676BE77A9118CAE892ED81 /* Pods-push-my-notifications.debug.xcconfig */;
			buildSettings = {
				ASSETCATALOG_COMPILER_APPICON_NAME = AppIcon;
				CODE_SIGN_IDENTITY = "iPhone Developer";
				"CODE_SIGN_IDENTITY[sdk=iphoneos*]" = "iPhone Developer";
				INFOPLIST_FILE = "push-my-notifications/Info.plist";
				IPHONEOS_DEPLOYMENT_TARGET = 8.0;
				LD_RUNPATH_SEARCH_PATHS = "$(inherited) @executable_path/Frameworks";
				PRODUCT_BUNDLE_IDENTIFIER = "com.VyacheslavHorbach.push-my-notifications";
				PRODUCT_NAME = "$(TARGET_NAME)";
				PROVISIONING_PROFILE = "";
			};
			name = Debug;
		};
		114B9FDE1D6A17D2004C5A25 /* Release */ = {
			isa = XCBuildConfiguration;
			baseConfigurationReference = A49116C98D80895D254AB4E6 /* Pods-push-my-notifications.release.xcconfig */;
			buildSettings = {
				ASSETCATALOG_COMPILER_APPICON_NAME = AppIcon;
				CODE_SIGN_IDENTITY = "iPhone Developer";
				"CODE_SIGN_IDENTITY[sdk=iphoneos*]" = "iPhone Developer";
				INFOPLIST_FILE = "push-my-notifications/Info.plist";
				IPHONEOS_DEPLOYMENT_TARGET = 8.0;
				LD_RUNPATH_SEARCH_PATHS = "$(inherited) @executable_path/Frameworks";
				PRODUCT_BUNDLE_IDENTIFIER = "com.VyacheslavHorbach.push-my-notifications";
				PRODUCT_NAME = "$(TARGET_NAME)";
				PROVISIONING_PROFILE = "";
			};
			name = Release;
		};
/* End XCBuildConfiguration section */

/* Begin XCConfigurationList section */
		114B9FC51D6A17D2004C5A25 /* Build configuration list for PBXProject "push-my-notifications" */ = {
			isa = XCConfigurationList;
			buildConfigurations = (
				114B9FDA1D6A17D2004C5A25 /* Debug */,
				114B9FDB1D6A17D2004C5A25 /* Release */,
			);
			defaultConfigurationIsVisible = 0;
			defaultConfigurationName = Release;
		};
		114B9FDC1D6A17D2004C5A25 /* Build configuration list for PBXNativeTarget "push-my-notifications" */ = {
			isa = XCConfigurationList;
			buildConfigurations = (
				114B9FDD1D6A17D2004C5A25 /* Debug */,
				114B9FDE1D6A17D2004C5A25 /* Release */,
			);
			defaultConfigurationIsVisible = 0;
			defaultConfigurationName = Release;
		};
/* End XCConfigurationList section */
	};
	rootObject = 114B9FC21D6A17D2004C5A25 /* Project object */;
}
